{
  "name": "static",
  "version": "1.0.0",
  "lockfileVersion": 3,
  "requires": true,
  "packages": {
    "": {
      "name": "static",
      "version": "1.0.0",
      "license": "Unlicense",
      "dependencies": {
        "gridjs": "^6.0.6"
      }
    },
    "node_modules/gridjs": {
      "version": "6.0.6",
      "resolved": "https://registry.npmjs.org/gridjs/-/gridjs-6.0.6.tgz",
      "integrity": "sha512-TZ20nY+weE/wlyXOd3A9FJyJlsJ/MrHr6frMgUHFN29RmWZCYtnyfF0zuspXC81oePwSJeSZ8HY651aeyX8+rQ==",
      "dependencies": {
        "preact": "^10.11.3"
      }
    },
    "node_modules/preact": {
      "version": "10.15.1",
      "resolved": "https://registry.npmjs.org/preact/-/preact-10.15.1.tgz",
      "integrity": "sha512-qs2ansoQEwzNiV5eAcRT1p1EC/dmEzaATVDJNiB3g2sRDWdA7b7MurXdJjB2+/WQktGWZwxvDrnuRFbWuIr64g==",
      "funding": {
        "type": "opencollective",
        "url": "https://opencollective.com/preact"
      }
    }
  }
}
